
Microsoft Visual Studio Solution File, Format Version 12.00
# Visual Studio 2012
Project("{FAE04EC0-301F-11D3-BF4B-00C04F79EFBC}") = "WindowsFormsApplication2", "FixGenerator+Rate Editor.csproj", "{B029CBE5-91D4-45DF-B3BE-95C213AE8B95}"
EndProject
Global
	GlobalSection(SolutionConfigurationPlatforms) = preSolution
		Debug|Any CPU = Debug|Any CPU
		Release|Any CPU = Release|Any CPU
	EndGlobalSection
	GlobalSection(ProjectConfigurationPlatforms) = postSolution
		{B029CBE5-91D4-45DF-B3BE-95C213AE8B95}.Debug|Any CPU.ActiveCfg = Debug|Any CPU
		{B029CBE5-91D4-45DF-B3BE-95C213AE8B95}.Debug|Any CPU.Build.0 = Debug|Any CPU
		{B029CBE5-91D4-45DF-B3BE-95C213AE8B95}.Release|Any CPU.ActiveCfg = Release|Any CPU
		{B029CBE5-91D4-45DF-B3BE-95C213AE8B95}.Release|Any CPU.Build.0 = Release|Any CPU
	EndGlobalSection
	GlobalSection(SolutionProperties) = preSolution
		HideSolutionNode = FALSE
	EndGlobalSection
EndGlobal
